
Microsoft Visual Studio Solution File, Format Version 12.00
# Visual Studio Version 17
VisualStudioVersion = 17.7.34024.191
MinimumVisualStudioVersion = 10.0.40219.1
Project("{FAE04EC0-301F-11D3-BF4B-00C04F79EFBC}") = "Vendios", "Vendios.csproj", "{5A20BF4B-8A98-4292-BA35-894876779019}"
EndProject
Project("{FAE04EC0-301F-11D3-BF4B-00C04F79EFBC}") = "VendiosRuntime", "..\VendiosRuntime\VendiosRuntime.csproj", "{86A6D3BF-8576-44FF-8389-BC4CB511B36C}"
EndProject
Global
	GlobalSection(SolutionConfigurationPlatforms) = preSolution
		Debug|Any CPU = Debug|Any CPU
		Debug|ARM = Debug|ARM
		Debug|ARM64 = Debug|ARM64
		Debug|x64 = Debug|x64
		Debug|x86 = Debug|x86
		Release|Any CPU = Release|Any CPU
		Release|ARM = Release|ARM
		Release|ARM64 = Release|ARM64
		Release|x64 = Release|x64
		Release|x86 = Release|x86
	EndGlobalSection
	GlobalSection(ProjectConfigurationPlatforms) = postSolution
		{5A20BF4B-8A98-4292-BA35-894876779019}.Debug|Any CPU.ActiveCfg = Debug|x64
		{5A20BF4B-8A98-4292-BA35-894876779019}.Debug|Any CPU.Build.0 = Debug|x64
		{5A20BF4B-8A98-4292-BA35-894876779019}.Debug|Any CPU.Deploy.0 = Debug|x64
		{5A20BF4B-8A98-4292-BA35-894876779019}.Debug|ARM.ActiveCfg = Debug|ARM
		{5A20BF4B-8A98-4292-BA35-894876779019}.Debug|ARM.Build.0 = Debug|ARM
		{5A20BF4B-8A98-4292-BA35-894876779019}.Debug|ARM.Deploy.0 = Debug|ARM
		{5A20BF4B-8A98-4292-BA35-894876779019}.Debug|ARM64.ActiveCfg = Debug|ARM64
		{5A20BF4B-8A98-4292-BA35-894876779019}.Debug|ARM64.Build.0 = Debug|ARM64
		{5A20BF4B-8A98-4292-BA35-894876779019}.Debug|ARM64.Deploy.0 = Debug|ARM64
		{5A20BF4B-8A98-4292-BA35-894876779019}.Debug|x64.ActiveCfg = Debug|x64
		{5A20BF4B-8A98-4292-BA35-894876779019}.Debug|x64.Build.0 = Debug|x64
		{5A20BF4B-8A98-4292-BA35-894876779019}.Debug|x64.Deploy.0 = Debug|x64
		{5A20BF4B-8A98-4292-BA35-894876779019}.Debug|x86.ActiveCfg = Debug|x86
		{5A20BF4B-8A98-4292-BA35-894876779019}.Debug|x86.Build.0 = Debug|x86
		{5A20BF4B-8A98-4292-BA35-894876779019}.Debug|x86.Deploy.0 = Debug|x86
		{5A20BF4B-8A98-4292-BA35-894876779019}.Release|Any CPU.ActiveCfg = Release|x64
		{5A20BF4B-8A98-4292-BA35-894876779019}.Release|Any CPU.Build.0 = Release|x64
		{5A20BF4B-8A98-4292-BA35-894876779019}.Release|Any CPU.Deploy.0 = Release|x64
		{5A20BF4B-8A98-4292-BA35-894876779019}.Release|ARM.ActiveCfg = Release|ARM
		{5A20BF4B-8A98-4292-BA35-894876779019}.Release|ARM.Build.0 = Release|ARM
		{5A20BF4B-8A98-4292-BA35-894876779019}.Release|ARM.Deploy.0 = Release|ARM
		{5A20BF4B-8A98-4292-BA35-894876779019}.Release|ARM64.ActiveCfg = Release|ARM64
		{5A20BF4B-8A98-4292-BA35-894876779019}.Release|ARM64.Build.0 = Release|ARM64
		{5A20BF4B-8A98-4292-BA35-894876779019}.Release|ARM64.Deploy.0 = Release|ARM64
		{5A20BF4B-8A98-4292-BA35-894876779019}.Release|x64.ActiveCfg = Release|x64
		{5A20BF4B-8A98-4292-BA35-894876779019}.Release|x64.Build.0 = Release|x64
		{5A20BF4B-8A98-4292-BA35-894876779019}.Release|x64.Deploy.0 = Release|x64
		{5A20BF4B-8A98-4292-BA35-894876779019}.Release|x86.ActiveCfg = Release|x86
		{5A20BF4B-8A98-4292-BA35-894876779019}.Release|x86.Build.0 = Release|x86
		{5A20BF4B-8A98-4292-BA35-894876779019}.Release|x86.Deploy.0 = Release|x86
		{86A6D3BF-8576-44FF-8389-BC4CB511B36C}.Debug|Any CPU.ActiveCfg = Debug|Any CPU
		{86A6D3BF-8576-44FF-8389-BC4CB511B36C}.Debug|Any CPU.Build.0 = Debug|Any CPU
		{86A6D3BF-8576-44FF-8389-BC4CB511B36C}.Debug|ARM.ActiveCfg = Debug|ARM
		{86A6D3BF-8576-44FF-8389-BC4CB511B36C}.Debug|ARM.Build.0 = Debug|ARM
		{86A6D3BF-8576-44FF-8389-BC4CB511B36C}.Debug|ARM64.ActiveCfg = Debug|ARM64
		{86A6D3BF-8576-44FF-8389-BC4CB511B36C}.Debug|ARM64.Build.0 = Debug|ARM64
		{86A6D3BF-8576-44FF-8389-BC4CB511B36C}.Debug|x64.ActiveCfg = Debug|x64
		{86A6D3BF-8576-44FF-8389-BC4CB511B36C}.Debug|x64.Build.0 = Debug|x64
		{86A6D3BF-8576-44FF-8389-BC4CB511B36C}.Debug|x86.ActiveCfg = Debug|x86
		{86A6D3BF-8576-44FF-8389-BC4CB511B36C}.Debug|x86.Build.0 = Debug|x86
		{86A6D3BF-8576-44FF-8389-BC4CB511B36C}.Release|Any CPU.ActiveCfg = Release|Any CPU
		{86A6D3BF-8576-44FF-8389-BC4CB511B36C}.Release|Any CPU.Build.0 = Release|Any CPU
		{86A6D3BF-8576-44FF-8389-BC4CB511B36C}.Release|ARM.ActiveCfg = Release|ARM
		{86A6D3BF-8576-44FF-8389-BC4CB511B36C}.Release|ARM.Build.0 = Release|ARM
		{86A6D3BF-8576-44FF-8389-BC4CB511B36C}.Release|ARM64.ActiveCfg = Release|ARM64
		{86A6D3BF-8576-44FF-8389-BC4CB511B36C}.Release|ARM64.Build.0 = Release|ARM64
		{86A6D3BF-8576-44FF-8389-BC4CB511B36C}.Release|x64.ActiveCfg = Release|x64
		{86A6D3BF-8576-44FF-8389-BC4CB511B36C}.Release|x64.Build.0 = Release|x64
		{86A6D3BF-8576-44FF-8389-BC4CB511B36C}.Release|x86.ActiveCfg = Release|x86
		{86A6D3BF-8576-44FF-8389-BC4CB511B36C}.Release|x86.Build.0 = Release|x86
	EndGlobalSection
	GlobalSection(SolutionProperties) = preSolution
		HideSolutionNode = FALSE
	EndGlobalSection
	GlobalSection(ExtensibilityGlobals) = postSolution
		SolutionGuid = {187A339D-5CC3-4A0A-B80E-FA64C5064936}
	EndGlobalSection
EndGlobal
